// !$*UTF8*$!
{
	archiveVersion = 1;
	classes = {
	};
	objectVersion = 56;
	objects = {

/* Begin PBXBuildFile section */
		111B9B3B2AA63E4200E3D46A /* ShotInTimeApp.swift in Sources */ = {isa = PBXBuildFile; fileRef = 111B9B3A2AA63E4200E3D46A /* ShotInTimeApp.swift */; };
		111B9B3D2AA63E4200E3D46A /* ContentView.swift in Sources */ = {isa = PBXBuildFile; fileRef = 111B9B3C2AA63E4200E3D46A /* ContentView.swift */; };
		111B9B3F2AA63E4300E3D46A /* Assets.xcassets in Resources */ = {isa = PBXBuildFile; fileRef = 111B9B3E2AA63E4300E3D46A /* Assets.xcassets */; };
		111B9B422AA63E4300E3D46A /* Preview Assets.xcassets in Resources */ = {isa = PBXBuildFile; fileRef = 111B9B412AA63E4300E3D46A /* Preview Assets.xcassets */; };
		111B9B492AA63FCE00E3D46A /* User.swift in Sources */ = {isa = PBXBuildFile; fileRef = 111B9B482AA63FCE00E3D46A /* User.swift */; };
		111B9B552AA6416A00E3D46A /* MainView.swift in Sources */ = {isa = PBXBuildFile; fileRef = 111B9B542AA6416A00E3D46A /* MainView.swift */; };
		111B9B572AA6417200E3D46A /* LoginView.swift in Sources */ = {isa = PBXBuildFile; fileRef = 111B9B562AA6417200E3D46A /* LoginView.swift */; };
		111B9B592AA6417A00E3D46A /* RegisterView.swift in Sources */ = {isa = PBXBuildFile; fileRef = 111B9B582AA6417A00E3D46A /* RegisterView.swift */; };
		111B9B5B2AA641AF00E3D46A /* MainViewViewModel.swift in Sources */ = {isa = PBXBuildFile; fileRef = 111B9B5A2AA641AF00E3D46A /* MainViewViewModel.swift */; };
		111B9B5D2AA641C100E3D46A /* LoginViewVIewModel.swift in Sources */ = {isa = PBXBuildFile; fileRef = 111B9B5C2AA641C100E3D46A /* LoginViewVIewModel.swift */; };
		111B9B5F2AA641DF00E3D46A /* RegisterViewViewModel.swift in Sources */ = {isa = PBXBuildFile; fileRef = 111B9B5E2AA641DF00E3D46A /* RegisterViewViewModel.swift */; };
		111B9B612AA641EF00E3D46A /* ProfileView.swift in Sources */ = {isa = PBXBuildFile; fileRef = 111B9B602AA641EF00E3D46A /* ProfileView.swift */; };
		111B9B632AA641FC00E3D46A /* ProfileViewViewModel.swift in Sources */ = {isa = PBXBuildFile; fileRef = 111B9B622AA641FC00E3D46A /* ProfileViewViewModel.swift */; };
		111B9B652AA650C400E3D46A /* CustomNavigationBarView.swift in Sources */ = {isa = PBXBuildFile; fileRef = 111B9B642AA650C400E3D46A /* CustomNavigationBarView.swift */; };
		111B9B672AA6588B00E3D46A /* CustomNavigationBarContainerView.swift in Sources */ = {isa = PBXBuildFile; fileRef = 111B9B662AA6588B00E3D46A /* CustomNavigationBarContainerView.swift */; };
		111B9B692AA65C7400E3D46A /* CustomNavigationView.swift in Sources */ = {isa = PBXBuildFile; fileRef = 111B9B682AA65C7400E3D46A /* CustomNavigationView.swift */; };
		111B9B6B2AA6612700E3D46A /* CustomNavigationLink.swift in Sources */ = {isa = PBXBuildFile; fileRef = 111B9B6A2AA6612700E3D46A /* CustomNavigationLink.swift */; };
		111B9B6D2AA66BDB00E3D46A /* CustomNavigationBarPreferenceKeys.swift in Sources */ = {isa = PBXBuildFile; fileRef = 111B9B6C2AA66BDB00E3D46A /* CustomNavigationBarPreferenceKeys.swift */; };
/* End PBXBuildFile section */

/* Begin PBXFileReference section */
		111B9B372AA63E4200E3D46A /* ShotInTime.app */ = {isa = PBXFileReference; explicitFileType = wrapper.application; includeInIndex = 0; path = ShotInTime.app; sourceTree = BUILT_PRODUCTS_DIR; };
		111B9B3A2AA63E4200E3D46A /* ShotInTimeApp.swift */ = {isa = PBXFileReference; lastKnownFileType = sourcecode.swift; path = ShotInTimeApp.swift; sourceTree = "<group>"; };
		111B9B3C2AA63E4200E3D46A /* ContentView.swift */ = {isa = PBXFileReference; lastKnownFileType = sourcecode.swift; path = ContentView.swift; sourceTree = "<group>"; };
		111B9B3E2AA63E4300E3D46A /* Assets.xcassets */ = {isa = PBXFileReference; lastKnownFileType = folder.assetcatalog; path = Assets.xcassets; sourceTree = "<group>"; };
		111B9B412AA63E4300E3D46A /* Preview Assets.xcassets */ = {isa = PBXFileReference; lastKnownFileType = folder.assetcatalog; path = "Preview Assets.xcassets"; sourceTree = "<group>"; };
		111B9B482AA63FCE00E3D46A /* User.swift */ = {isa = PBXFileReference; lastKnownFileType = sourcecode.swift; path = User.swift; sourceTree = "<group>"; };
		111B9B542AA6416A00E3D46A /* MainView.swift */ = {isa = PBXFileReference; lastKnownFileType = sourcecode.swift; path = MainView.swift; sourceTree = "<group>"; };
		111B9B562AA6417200E3D46A /* LoginView.swift */ = {isa = PBXFileReference; lastKnownFileType = sourcecode.swift; path = LoginView.swift; sourceTree = "<group>"; };
		111B9B582AA6417A00E3D46A /* RegisterView.swift */ = {isa = PBXFileReference; lastKnownFileType = sourcecode.swift; path = RegisterView.swift; sourceTree = "<group>"; };
		111B9B5A2AA641AF00E3D46A /* MainViewViewModel.swift */ = {isa = PBXFileReference; lastKnownFileType = sourcecode.swift; path = MainViewViewModel.swift; sourceTree = "<group>"; };
		111B9B5C2AA641C100E3D46A /* LoginViewVIewModel.swift */ = {isa = PBXFileReference; lastKnownFileType = sourcecode.swift; path = LoginViewVIewModel.swift; sourceTree = "<group>"; };
		111B9B5E2AA641DF00E3D46A /* RegisterViewViewModel.swift */ = {isa = PBXFileReference; lastKnownFileType = sourcecode.swift; path = RegisterViewViewModel.swift; sourceTree = "<group>"; };
		111B9B602AA641EF00E3D46A /* ProfileView.swift */ = {isa = PBXFileReference; lastKnownFileType = sourcecode.swift; path = ProfileView.swift; sourceTree = "<group>"; };
		111B9B622AA641FC00E3D46A /* ProfileViewViewModel.swift */ = {isa = PBXFileReference; lastKnownFileType = sourcecode.swift; path = ProfileViewViewModel.swift; sourceTree = "<group>"; };
		111B9B642AA650C400E3D46A /* CustomNavigationBarView.swift */ = {isa = PBXFileReference; lastKnownFileType = sourcecode.swift; path = CustomNavigationBarView.swift; sourceTree = "<group>"; };
		111B9B662AA6588B00E3D46A /* CustomNavigationBarContainerView.swift */ = {isa = PBXFileReference; lastKnownFileType = sourcecode.swift; path = CustomNavigationBarContainerView.swift; sourceTree = "<group>"; };
		111B9B682AA65C7400E3D46A /* CustomNavigationView.swift */ = {isa = PBXFileReference; lastKnownFileType = sourcecode.swift; path = CustomNavigationView.swift; sourceTree = "<group>"; };
		111B9B6A2AA6612700E3D46A /* CustomNavigationLink.swift */ = {isa = PBXFileReference; lastKnownFileType = sourcecode.swift; path = CustomNavigationLink.swift; sourceTree = "<group>"; };
		111B9B6C2AA66BDB00E3D46A /* CustomNavigationBarPreferenceKeys.swift */ = {isa = PBXFileReference; lastKnownFileType = sourcecode.swift; path = CustomNavigationBarPreferenceKeys.swift; sourceTree = "<group>"; };
/* End PBXFileReference section */

/* Begin PBXFrameworksBuildPhase section */
		111B9B342AA63E4200E3D46A /* Frameworks */ = {
			isa = PBXFrameworksBuildPhase;
			buildActionMask = 2147483647;
			files = (
			);
			runOnlyForDeploymentPostprocessing = 0;
		};
/* End PBXFrameworksBuildPhase section */

/* Begin PBXGroup section */
		111B9B2E2AA63E4200E3D46A = {
			isa = PBXGroup;
			children = (
				111B9B392AA63E4200E3D46A /* ShotInTime */,
				111B9B382AA63E4200E3D46A /* Products */,
			);
			sourceTree = "<group>";
		};
		111B9B382AA63E4200E3D46A /* Products */ = {
			isa = PBXGroup;
			children = (
				111B9B372AA63E4200E3D46A /* ShotInTime.app */,
			);
			name = Products;
			sourceTree = "<group>";
		};
		111B9B392AA63E4200E3D46A /* ShotInTime */ = {
			isa = PBXGroup;
			children = (
				111B9B4D2AA6401000E3D46A /* Views */,
				111B9B4C2AA6400500E3D46A /* ViewModels */,
				111B9B4B2AA63FF100E3D46A /* Other */,
				111B9B4A2AA63FD900E3D46A /* Models */,
				111B9B402AA63E4300E3D46A /* Preview Content */,
			);
			path = ShotInTime;
			sourceTree = "<group>";
		};
		111B9B402AA63E4300E3D46A /* Preview Content */ = {
			isa = PBXGroup;
			children = (
				111B9B412AA63E4300E3D46A /* Preview Assets.xcassets */,
			);
			path = "Preview Content";
			sourceTree = "<group>";
		};
		111B9B4A2AA63FD900E3D46A /* Models */ = {
			isa = PBXGroup;
			children = (
				111B9B482AA63FCE00E3D46A /* User.swift */,
			);
			path = Models;
			sourceTree = "<group>";
		};
		111B9B4B2AA63FF100E3D46A /* Other */ = {
			isa = PBXGroup;
			children = (
				111B9B3A2AA63E4200E3D46A /* ShotInTimeApp.swift */,
				111B9B3C2AA63E4200E3D46A /* ContentView.swift */,
				111B9B3E2AA63E4300E3D46A /* Assets.xcassets */,
			);
			path = Other;
			sourceTree = "<group>";
		};
		111B9B4C2AA6400500E3D46A /* ViewModels */ = {
			isa = PBXGroup;
			children = (
				111B9B5A2AA641AF00E3D46A /* MainViewViewModel.swift */,
				111B9B5C2AA641C100E3D46A /* LoginViewVIewModel.swift */,
				111B9B5E2AA641DF00E3D46A /* RegisterViewViewModel.swift */,
				111B9B622AA641FC00E3D46A /* ProfileViewViewModel.swift */,
			);
			path = ViewModels;
			sourceTree = "<group>";
		};
		111B9B4D2AA6401000E3D46A /* Views */ = {
			isa = PBXGroup;
			children = (
				111B9B542AA6416A00E3D46A /* MainView.swift */,
				111B9B642AA650C400E3D46A /* CustomNavigationBarView.swift */,
				111B9B662AA6588B00E3D46A /* CustomNavigationBarContainerView.swift */,
				111B9B682AA65C7400E3D46A /* CustomNavigationView.swift */,
				111B9B6A2AA6612700E3D46A /* CustomNavigationLink.swift */,
				111B9B6C2AA66BDB00E3D46A /* CustomNavigationBarPreferenceKeys.swift */,
				111B9B602AA641EF00E3D46A /* ProfileView.swift */,
				111B9B562AA6417200E3D46A /* LoginView.swift */,
				111B9B582AA6417A00E3D46A /* RegisterView.swift */,
			);
			path = Views;
			sourceTree = "<group>";
		};
/* End PBXGroup section */

/* Begin PBXNativeTarget section */
		111B9B362AA63E4200E3D46A /* ShotInTime */ = {
			isa = PBXNativeTarget;
			buildConfigurationList = 111B9B452AA63E4300E3D46A /* Build configuration list for PBXNativeTarget "ShotInTime" */;
			buildPhases = (
				111B9B332AA63E4200E3D46A /* Sources */,
				111B9B342AA63E4200E3D46A /* Frameworks */,
				111B9B352AA63E4200E3D46A /* Resources */,
			);
			buildRules = (
			);
			dependencies = (
			);
			name = ShotInTime;
			productName = ShotInTime;
			productReference = 111B9B372AA63E4200E3D46A /* ShotInTime.app */;
			productType = "com.apple.product-type.application";
		};
/* End PBXNativeTarget section */

/* Begin PBXProject section */
		111B9B2F2AA63E4200E3D46A /* Project object */ = {
			isa = PBXProject;
			attributes = {
				BuildIndependentTargetsInParallel = 1;
				LastSwiftUpdateCheck = 1430;
				LastUpgradeCheck = 1430;
				TargetAttributes = {
					111B9B362AA63E4200E3D46A = {
						CreatedOnToolsVersion = 14.3;
					};
				};
			};
			buildConfigurationList = 111B9B322AA63E4200E3D46A /* Build configuration list for PBXProject "ShotInTime" */;
			compatibilityVersion = "Xcode 14.0";
			developmentRegion = en;
			hasScannedForEncodings = 0;
			knownRegions = (
				en,
				Base,
			);
			mainGroup = 111B9B2E2AA63E4200E3D46A;
			productRefGroup = 111B9B382AA63E4200E3D46A /* Products */;
			projectDirPath = "";
			projectRoot = "";
			targets = (
				111B9B362AA63E4200E3D46A /* ShotInTime */,
			);
		};
/* End PBXProject section */

/* Begin PBXResourcesBuildPhase section */
		111B9B352AA63E4200E3D46A /* Resources */ = {
			isa = PBXResourcesBuildPhase;
			buildActionMask = 2147483647;
			files = (
				111B9B422AA63E4300E3D46A /* Preview Assets.xcassets in Resources */,
				111B9B3F2AA63E4300E3D46A /* Assets.xcassets in Resources */,
			);
			runOnlyForDeploymentPostprocessing = 0;
		};
/* End PBXResourcesBuildPhase section */

/* Begin PBXSourcesBuildPhase section */
		111B9B332AA63E4200E3D46A /* Sources */ = {
			isa = PBXSourcesBuildPhase;
			buildActionMask = 2147483647;
			files = (
				111B9B3D2AA63E4200E3D46A /* ContentView.swift in Sources */,
				111B9B552AA6416A00E3D46A /* MainView.swift in Sources */,
				111B9B612AA641EF00E3D46A /* ProfileView.swift in Sources */,
				111B9B692AA65C7400E3D46A /* CustomNavigationView.swift in Sources */,
				111B9B5B2AA641AF00E3D46A /* MainViewViewModel.swift in Sources */,
				111B9B5D2AA641C100E3D46A /* LoginViewVIewModel.swift in Sources */,
				111B9B672AA6588B00E3D46A /* CustomNavigationBarContainerView.swift in Sources */,
				111B9B3B2AA63E4200E3D46A /* ShotInTimeApp.swift in Sources */,
				111B9B592AA6417A00E3D46A /* RegisterView.swift in Sources */,
				111B9B6D2AA66BDB00E3D46A /* CustomNavigationBarPreferenceKeys.swift in Sources */,
				111B9B632AA641FC00E3D46A /* ProfileViewViewModel.swift in Sources */,
				111B9B572AA6417200E3D46A /* LoginView.swift in Sources */,
				111B9B6B2AA6612700E3D46A /* CustomNavigationLink.swift in Sources */,
				111B9B492AA63FCE00E3D46A /* User.swift in Sources */,
				111B9B5F2AA641DF00E3D46A /* RegisterViewViewModel.swift in Sources */,
				111B9B652AA650C400E3D46A /* CustomNavigationBarView.swift in Sources */,
			);
			runOnlyForDeploymentPostprocessing = 0;
		};
/* End PBXSourcesBuildPhase section */

/* Begin XCBuildConfiguration section */
		111B9B432AA63E4300E3D46A /* Debug */ = {
			isa = XCBuildConfiguration;
			buildSettings = {
				ALWAYS_SEARCH_USER_PATHS = NO;
				CLANG_ANALYZER_NONNULL = YES;
				CLANG_ANALYZER_NUMBER_OBJECT_CONVERSION = YES_AGGRESSIVE;
				CLANG_CXX_LANGUAGE_STANDARD = "gnu++20";
				CLANG_ENABLE_MODULES = YES;
				CLANG_ENABLE_OBJC_ARC = YES;
				CLANG_ENABLE_OBJC_WEAK = YES;
				CLANG_WARN_BLOCK_CAPTURE_AUTORELEASING = YES;
				CLANG_WARN_BOOL_CONVERSION = YES;
				CLANG_WARN_COMMA = YES;
				CLANG_WARN_CONSTANT_CONVERSION = YES;
				CLANG_WARN_DEPRECATED_OBJC_IMPLEMENTATIONS = YES;
				CLANG_WARN_DIRECT_OBJC_ISA_USAGE = YES_ERROR;
				CLANG_WARN_DOCUMENTATION_COMMENTS = YES;
				CLANG_WARN_EMPTY_BODY = YES;
				CLANG_WARN_ENUM_CONVERSION = YES;
				CLANG_WARN_INFINITE_RECURSION = YES;
				CLANG_WARN_INT_CONVERSION = YES;
				CLANG_WARN_NON_LITERAL_NULL_CONVERSION = YES;
				CLANG_WARN_OBJC_IMPLICIT_RETAIN_SELF = YES;
				CLANG_WARN_OBJC_LITERAL_CONVERSION = YES;
				CLANG_WARN_OBJC_ROOT_CLASS = YES_ERROR;
				CLANG_WARN_QUOTED_INCLUDE_IN_FRAMEWORK_HEADER = YES;
				CLANG_WARN_RANGE_LOOP_ANALYSIS = YES;
				CLANG_WARN_STRICT_PROTOTYPES = YES;
				CLANG_WARN_SUSPICIOUS_MOVE = YES;
				CLANG_WARN_UNGUARDED_AVAILABILITY = YES_AGGRESSIVE;
				CLANG_WARN_UNREACHABLE_CODE = YES;
				CLANG_WARN__DUPLICATE_METHOD_MATCH = YES;
				COPY_PHASE_STRIP = NO;
				DEBUG_INFORMATION_FORMAT = dwarf;
				ENABLE_STRICT_OBJC_MSGSEND = YES;
				ENABLE_TESTABILITY = YES;
				GCC_C_LANGUAGE_STANDARD = gnu11;
				GCC_DYNAMIC_NO_PIC = NO;
				GCC_NO_COMMON_BLOCKS = YES;
				GCC_OPTIMIZATION_LEVEL = 0;
				GCC_PREPROCESSOR_DEFINITIONS = (
					"DEBUG=1",
					"$(inherited)",
				);
				GCC_WARN_64_TO_32_BIT_CONVERSION = YES;
				GCC_WARN_ABOUT_RETURN_TYPE = YES_ERROR;
				GCC_WARN_UNDECLARED_SELECTOR = YES;
				GCC_WARN_UNINITIALIZED_AUTOS = YES_AGGRESSIVE;
				GCC_WARN_UNUSED_FUNCTION = YES;
				GCC_WARN_UNUSED_VARIABLE = YES;
				IPHONEOS_DEPLOYMENT_TARGET = 16.4;
				MTL_ENABLE_DEBUG_INFO = INCLUDE_SOURCE;
				MTL_FAST_MATH = YES;
				ONLY_ACTIVE_ARCH = YES;
				SDKROOT = iphoneos;
				SWIFT_ACTIVE_COMPILATION_CONDITIONS = DEBUG;
				SWIFT_OPTIMIZATION_LEVEL = "-Onone";
			};
			name = Debug;
		};
		111B9B442AA63E4300E3D46A /* Release */ = {
			isa = XCBuildConfiguration;
			buildSettings = {
				ALWAYS_SEARCH_USER_PATHS = NO;
				CLANG_ANALYZER_NONNULL = YES;
				CLANG_ANALYZER_NUMBER_OBJECT_CONVERSION = YES_AGGRESSIVE;
				CLANG_CXX_LANGUAGE_STANDARD = "gnu++20";
				CLANG_ENABLE_MODULES = YES;
				CLANG_ENABLE_OBJC_ARC = YES;
				CLANG_ENABLE_OBJC_WEAK = YES;
				CLANG_WARN_BLOCK_CAPTURE_AUTORELEASING = YES;
				CLANG_WARN_BOOL_CONVERSION = YES;
				CLANG_WARN_COMMA = YES;
				CLANG_WARN_CONSTANT_CONVERSION = YES;
				CLANG_WARN_DEPRECATED_OBJC_IMPLEMENTATIONS = YES;
				CLANG_WARN_DIRECT_OBJC_ISA_USAGE = YES_ERROR;
				CLANG_WARN_DOCUMENTATION_COMMENTS = YES;
				CLANG_WARN_EMPTY_BODY = YES;
				CLANG_WARN_ENUM_CONVERSION = YES;
				CLANG_WARN_INFINITE_RECURSION = YES;
				CLANG_WARN_INT_CONVERSION = YES;
				CLANG_WARN_NON_LITERAL_NULL_CONVERSION = YES;
				CLANG_WARN_OBJC_IMPLICIT_RETAIN_SELF = YES;
				CLANG_WARN_OBJC_LITERAL_CONVERSION = YES;
				CLANG_WARN_OBJC_ROOT_CLASS = YES_ERROR;
				CLANG_WARN_QUOTED_INCLUDE_IN_FRAMEWORK_HEADER = YES;
				CLANG_WARN_RANGE_LOOP_ANALYSIS = YES;
				CLANG_WARN_STRICT_PROTOTYPES = YES;
				CLANG_WARN_SUSPICIOUS_MOVE = YES;
				CLANG_WARN_UNGUARDED_AVAILABILITY = YES_AGGRESSIVE;
				CLANG_WARN_UNREACHABLE_CODE = YES;
				CLANG_WARN__DUPLICATE_METHOD_MATCH = YES;
				COPY_PHASE_STRIP = NO;
				DEBUG_INFORMATION_FORMAT = "dwarf-with-dsym";
				ENABLE_NS_ASSERTIONS = NO;
				ENABLE_STRICT_OBJC_MSGSEND = YES;
				GCC_C_LANGUAGE_STANDARD = gnu11;
				GCC_NO_COMMON_BLOCKS = YES;
				GCC_WARN_64_TO_32_BIT_CONVERSION = YES;
				GCC_WARN_ABOUT_RETURN_TYPE = YES_ERROR;
				GCC_WARN_UNDECLARED_SELECTOR = YES;
				GCC_WARN_UNINITIALIZED_AUTOS = YES_AGGRESSIVE;
				GCC_WARN_UNUSED_FUNCTION = YES;
				GCC_WARN_UNUSED_VARIABLE = YES;
				IPHONEOS_DEPLOYMENT_TARGET = 16.4;
				MTL_ENABLE_DEBUG_INFO = NO;
				MTL_FAST_MATH = YES;
				SDKROOT = iphoneos;
				SWIFT_COMPILATION_MODE = wholemodule;
				SWIFT_OPTIMIZATION_LEVEL = "-O";
				VALIDATE_PRODUCT = YES;
			};
			name = Release;
		};
		111B9B462AA63E4300E3D46A /* Debug */ = {
			isa = XCBuildConfiguration;
			buildSettings = {
				ASSETCATALOG_COMPILER_APPICON_NAME = AppIcon;
				ASSETCATALOG_COMPILER_GLOBAL_ACCENT_COLOR_NAME = AccentColor;
				CODE_SIGN_STYLE = Automatic;
				CURRENT_PROJECT_VERSION = 1;
				DEVELOPMENT_ASSET_PATHS = "\"ShotInTime/Preview Content\"";
				DEVELOPMENT_TEAM = JXRD2AKBWK;
				ENABLE_PREVIEWS = YES;
				GENERATE_INFOPLIST_FILE = YES;
				INFOPLIST_KEY_UIApplicationSceneManifest_Generation = YES;
				INFOPLIST_KEY_UIApplicationSupportsIndirectInputEvents = YES;
				INFOPLIST_KEY_UILaunchScreen_Generation = YES;
				INFOPLIST_KEY_UISupportedInterfaceOrientations_iPad = "UIInterfaceOrientationPortrait UIInterfaceOrientationPortraitUpsideDown UIInterfaceOrientationLandscapeLeft UIInterfaceOrientationLandscapeRight";
				INFOPLIST_KEY_UISupportedInterfaceOrientations_iPhone = "UIInterfaceOrientationPortrait UIInterfaceOrientationLandscapeLeft UIInterfaceOrientationLandscapeRight";
				LD_RUNPATH_SEARCH_PATHS = (
					"$(inherited)",
					"@executable_path/Frameworks",
				);
				MARKETING_VERSION = 1.0;
				PRODUCT_BUNDLE_IDENTIFIER = polochanin.alexander.ShotInTime;
				PRODUCT_NAME = "$(TARGET_NAME)";
				SWIFT_EMIT_LOC_STRINGS = YES;
				SWIFT_VERSION = 5.0;
				TARGETED_DEVICE_FAMILY = "1,2";
			};
			name = Debug;
		};
		111B9B472AA63E4300E3D46A /* Release */ = {
			isa = XCBuildConfiguration;
			buildSettings = {
				ASSETCATALOG_COMPILER_APPICON_NAME = AppIcon;
				ASSETCATALOG_COMPILER_GLOBAL_ACCENT_COLOR_NAME = AccentColor;
				CODE_SIGN_STYLE = Automatic;
				CURRENT_PROJECT_VERSION = 1;
				DEVELOPMENT_ASSET_PATHS = "\"ShotInTime/Preview Content\"";
				DEVELOPMENT_TEAM = JXRD2AKBWK;
				ENABLE_PREVIEWS = YES;
				GENERATE_INFOPLIST_FILE = YES;
				INFOPLIST_KEY_UIApplicationSceneManifest_Generation = YES;
				INFOPLIST_KEY_UIApplicationSupportsIndirectInputEvents = YES;
				INFOPLIST_KEY_UILaunchScreen_Generation = YES;
				INFOPLIST_KEY_UISupportedInterfaceOrientations_iPad = "UIInterfaceOrientationPortrait UIInterfaceOrientationPortraitUpsideDown UIInterfaceOrientationLandscapeLeft UIInterfaceOrientationLandscapeRight";
				INFOPLIST_KEY_UISupportedInterfaceOrientations_iPhone = "UIInterfaceOrientationPortrait UIInterfaceOrientationLandscapeLeft UIInterfaceOrientationLandscapeRight";
				LD_RUNPATH_SEARCH_PATHS = (
					"$(inherited)",
					"@executable_path/Frameworks",
				);
				MARKETING_VERSION = 1.0;
				PRODUCT_BUNDLE_IDENTIFIER = polochanin.alexander.ShotInTime;
				PRODUCT_NAME = "$(TARGET_NAME)";
				SWIFT_EMIT_LOC_STRINGS = YES;
				SWIFT_VERSION = 5.0;
				TARGETED_DEVICE_FAMILY = "1,2";
			};
			name = Release;
		};
/* End XCBuildConfiguration section */

/* Begin XCConfigurationList section */
		111B9B322AA63E4200E3D46A /* Build configuration list for PBXProject "ShotInTime" */ = {
			isa = XCConfigurationList;
			buildConfigurations = (
				111B9B432AA63E4300E3D46A /* Debug */,
				111B9B442AA63E4300E3D46A /* Release */,
			);
			defaultConfigurationIsVisible = 0;
			defaultConfigurationName = Release;
		};
		111B9B452AA63E4300E3D46A /* Build configuration list for PBXNativeTarget "ShotInTime" */ = {
			isa = XCConfigurationList;
			buildConfigurations = (
				111B9B462AA63E4300E3D46A /* Debug */,
				111B9B472AA63E4300E3D46A /* Release */,
			);
			defaultConfigurationIsVisible = 0;
			defaultConfigurationName = Release;
		};
/* End XCConfigurationList section */
	};
	rootObject = 111B9B2F2AA63E4200E3D46A /* Project object */;
}
